
Microsoft Visual Studio Solution File, Format Version 12.00
# Visual Studio Version 16
VisualStudioVersion = 16.0.30907.101
MinimumVisualStudioVersion = 10.0.40219.1
Project("{9A19103F-16F7-4668-BE54-9A1E7A4F7556}") = "Testing_Api_project", "JokeApi\Testing_Api_project.csproj", "{D3BCA8CE-A0EE-4F93-AED7-13CD13D46EB3}"
EndProject
Global
	GlobalSection(SolutionConfigurationPlatforms) = preSolution
		Debug|Any CPU = Debug|Any CPU
		Release|Any CPU = Release|Any CPU
	EndGlobalSection
	GlobalSection(ProjectConfigurationPlatforms) = postSolution
		{D3BCA8CE-A0EE-4F93-AED7-13CD13D46EB3}.Debug|Any CPU.ActiveCfg = Debug|Any CPU
		{D3BCA8CE-A0EE-4F93-AED7-13CD13D46EB3}.Debug|Any CPU.Build.0 = Debug|Any CPU
		{D3BCA8CE-A0EE-4F93-AED7-13CD13D46EB3}.Release|Any CPU.ActiveCfg = Release|Any CPU
		{D3BCA8CE-A0EE-4F93-AED7-13CD13D46EB3}.Release|Any CPU.Build.0 = Release|Any CPU
	EndGlobalSection
	GlobalSection(SolutionProperties) = preSolution
		HideSolutionNode = FALSE
	EndGlobalSection
	GlobalSection(ExtensibilityGlobals) = postSolution
		SolutionGuid = {69ADA42D-0F29-436C-BF8F-0EA6D03BA94B}
	EndGlobalSection
EndGlobal
